<?xml version="1.0" encoding="UTF-8"?>
<!DOCTYPE plist PUBLIC "-//Apple//DTD PLIST 1.0//EN" "http://www.apple.com/DTDs/PropertyList-1.0.dtd">
<plist version="1.0">
<dict>
	<key>archiveVersion</key>
	<string>1</string>
	<key>classes</key>
	<dict/>
	<key>objectVersion</key>
	<string>46</string>
	<key>objects</key>
	<dict>
		<key>2C6AF3FDA3FE428BA2087DD0</key>
		<dict>
			<key>explicitFileType</key>
			<string>archive.ar</string>
			<key>includeInIndex</key>
			<string>0</string>
			<key>isa</key>
			<string>PBXFileReference</string>
			<key>name</key>
			<string>libPods.a</string>
			<key>path</key>
			<string>libPods.a</string>
			<key>sourceTree</key>
			<string>BUILT_PRODUCTS_DIR</string>
		</dict>
		<key>34F0A17515F4F24A00D36363</key>
		<dict>
			<key>fileEncoding</key>
			<string>4</string>
			<key>isa</key>
			<string>PBXFileReference</string>
			<key>lastKnownFileType</key>
			<string>sourcecode.c.h</string>
			<key>path</key>
			<string>AudioRecorderController.h</string>
			<key>sourceTree</key>
			<string>&lt;group&gt;</string>
		</dict>
		<key>34F0A17615F4F24A00D36363</key>
		<dict>
			<key>fileEncoding</key>
			<string>4</string>
			<key>isa</key>
			<string>PBXFileReference</string>
			<key>lastKnownFileType</key>
			<string>sourcecode.c.objc</string>
			<key>path</key>
			<string>AudioRecorderController.m</string>
			<key>sourceTree</key>
			<string>&lt;group&gt;</string>
		</dict>
		<key>34F0A17715F4F24A00D36363</key>
		<dict>
			<key>fileRef</key>
			<string>34F0A17615F4F24A00D36363</string>
			<key>isa</key>
			<string>PBXBuildFile</string>
		</dict>
		<key>34F0A17815F4F39500D36363</key>
		<dict>
			<key>includeInIndex</key>
			<string>1</string>
			<key>isa</key>
			<string>PBXFileReference</string>
			<key>lastKnownFileType</key>
			<string>wrapper.framework</string>
			<key>name</key>
			<string>AVFoundation.framework</string>
			<key>path</key>
			<string>System/Library/Frameworks/AVFoundation.framework</string>
			<key>sourceTree</key>
			<string>SDKROOT</string>
		</dict>
		<key>34F0A17915F4F39500D36363</key>
		<dict>
			<key>fileRef</key>
			<string>34F0A17815F4F39500D36363</string>
			<key>isa</key>
			<string>PBXBuildFile</string>
		</dict>
		<key>34F0A17A15F4F3B000D36363</key>
		<dict>
			<key>includeInIndex</key>
			<string>1</string>
			<key>isa</key>
			<string>PBXFileReference</string>
			<key>lastKnownFileType</key>
			<string>wrapper.framework</string>
			<key>name</key>
			<string>CoreAudio.framework</string>
			<key>path</key>
			<string>System/Library/Frameworks/CoreAudio.framework</string>
			<key>sourceTree</key>
			<string>SDKROOT</string>
		</dict>
		<key>34F0A17B15F4F3B000D36363</key>
		<dict>
			<key>fileRef</key>
			<string>34F0A17A15F4F3B000D36363</string>
			<key>isa</key>
			<string>PBXBuildFile</string>
		</dict>
		<key>34F0A18F15F5B0F100D36363</key>
		<dict>
			<key>fileEncoding</key>
			<string>4</string>
			<key>isa</key>
			<string>PBXFileReference</string>
			<key>lastKnownFileType</key>
			<string>sourcecode.c.h</string>
			<key>path</key>
			<string>UserSelectController.h</string>
			<key>sourceTree</key>
			<string>&lt;group&gt;</string>
		</dict>
		<key>34F0A19015F5B0F100D36363</key>
		<dict>
			<key>fileEncoding</key>
			<string>4</string>
			<key>isa</key>
			<string>PBXFileReference</string>
			<key>lastKnownFileType</key>
			<string>sourcecode.c.objc</string>
			<key>path</key>
			<string>UserSelectController.m</string>
			<key>sourceTree</key>
			<string>&lt;group&gt;</string>
		</dict>
		<key>34F0A19115F5B0F100D36363</key>
		<dict>
			<key>fileRef</key>
			<string>34F0A19015F5B0F100D36363</string>
			<key>isa</key>
			<string>PBXBuildFile</string>
		</dict>
		<key>34F0A19D15F5C74300D36363</key>
		<dict>
			<key>fileEncoding</key>
			<string>4</string>
			<key>isa</key>
			<string>PBXFileReference</string>
			<key>lastKnownFileType</key>
			<string>sourcecode.c.h</string>
			<key>path</key>
			<string>User.h</string>
			<key>sourceTree</key>
			<string>&lt;group&gt;</string>
		</dict>
		<key>34F0A19E15F5C74300D36363</key>
		<dict>
			<key>fileEncoding</key>
			<string>4</string>
			<key>isa</key>
			<string>PBXFileReference</string>
			<key>lastKnownFileType</key>
			<string>sourcecode.c.objc</string>
			<key>path</key>
			<string>User.m</string>
			<key>sourceTree</key>
			<string>&lt;group&gt;</string>
		</dict>
		<key>34F0A19F15F5C74300D36363</key>
		<dict>
			<key>fileRef</key>
			<string>34F0A19E15F5C74300D36363</string>
			<key>isa</key>
			<string>PBXBuildFile</string>
		</dict>
		<key>34F0A1AC15F5FC6300D36363</key>
		<dict>
			<key>fileEncoding</key>
			<string>4</string>
			<key>isa</key>
			<string>PBXFileReference</string>
			<key>lastKnownFileType</key>
			<string>sourcecode.c.h</string>
			<key>path</key>
			<string>SentenceListController.h</string>
			<key>sourceTree</key>
			<string>&lt;group&gt;</string>
		</dict>
		<key>34F0A1AD15F5FC6300D36363</key>
		<dict>
			<key>fileEncoding</key>
			<string>4</string>
			<key>isa</key>
			<string>PBXFileReference</string>
			<key>lastKnownFileType</key>
			<string>sourcecode.c.objc</string>
			<key>path</key>
			<string>SentenceListController.m</string>
			<key>sourceTree</key>
			<string>&lt;group&gt;</string>
		</dict>
		<key>34F0A1AE15F5FC6300D36363</key>
		<dict>
			<key>fileRef</key>
			<string>34F0A1AD15F5FC6300D36363</string>
			<key>isa</key>
			<string>PBXBuildFile</string>
		</dict>
		<key>34F0A1B415F6004500D36363</key>
		<dict>
			<key>children</key>
			<array>
				<string>34F0A1B615F600D800D36363</string>
			</array>
			<key>isa</key>
			<string>PBXGroup</string>
			<key>name</key>
			<string>Resources</string>
			<key>sourceTree</key>
			<string>&lt;group&gt;</string>
		</dict>
		<key>34F0A1B615F600D800D36363</key>
		<dict>
			<key>fileEncoding</key>
			<string>4</string>
			<key>isa</key>
			<string>PBXFileReference</string>
			<key>lastKnownFileType</key>
			<string>text.plist.xml</string>
			<key>path</key>
			<string>sentences.plist</string>
			<key>sourceTree</key>
			<string>&lt;group&gt;</string>
		</dict>
		<key>34F0A1B715F600D800D36363</key>
		<dict>
			<key>fileRef</key>
			<string>34F0A1B615F600D800D36363</string>
			<key>isa</key>
			<string>PBXBuildFile</string>
		</dict>
		<key>34F64D3815F4ED3400A9F8CE</key>
		<dict>
			<key>children</key>
			<array>
				<string>34F0A1B415F6004500D36363</string>
				<string>34F64D4D15F4ED3400A9F8CE</string>
				<string>34F64D4615F4ED3400A9F8CE</string>
				<string>34F64D4415F4ED3400A9F8CE</string>
				<string>47E4B355EDD242B8AF382E24</string>
			</array>
			<key>isa</key>
			<string>PBXGroup</string>
			<key>sourceTree</key>
			<string>&lt;group&gt;</string>
		</dict>
		<key>34F64D3A15F4ED3400A9F8CE</key>
		<dict>
			<key>attributes</key>
			<dict>
				<key>LastUpgradeCheck</key>
				<string>0440</string>
				<key>ORGANIZATIONNAME</key>
				<string>engzo</string>
			</dict>
			<key>buildConfigurationList</key>
			<string>34F64D3D15F4ED3400A9F8CE</string>
			<key>compatibilityVersion</key>
			<string>Xcode 3.2</string>
			<key>developmentRegion</key>
			<string>English</string>
			<key>hasScannedForEncodings</key>
			<string>0</string>
			<key>isa</key>
			<string>PBXProject</string>
			<key>knownRegions</key>
			<array>
				<string>en</string>
			</array>
			<key>mainGroup</key>
			<string>34F64D3815F4ED3400A9F8CE</string>
			<key>productRefGroup</key>
			<string>34F64D4415F4ED3400A9F8CE</string>
			<key>projectDirPath</key>
			<string></string>
			<key>projectRoot</key>
			<string></string>
			<key>targets</key>
			<array>
				<string>34F64D4215F4ED3400A9F8CE</string>
			</array>
		</dict>
		<key>34F64D3D15F4ED3400A9F8CE</key>
		<dict>
			<key>buildConfigurations</key>
			<array>
				<string>34F64D5F15F4ED3400A9F8CE</string>
				<string>34F64D6015F4ED3400A9F8CE</string>
			</array>
			<key>defaultConfigurationIsVisible</key>
			<string>0</string>
			<key>defaultConfigurationName</key>
			<string>Release</string>
			<key>isa</key>
			<string>XCConfigurationList</string>
		</dict>
		<key>34F64D3F15F4ED3400A9F8CE</key>
		<dict>
			<key>buildActionMask</key>
			<string>2147483647</string>
			<key>files</key>
			<array>
				<string>34F64D5415F4ED3400A9F8CE</string>
				<string>34F64D5815F4ED3400A9F8CE</string>
				<string>34F0A17715F4F24A00D36363</string>
				<string>34F0A19115F5B0F100D36363</string>
				<string>34F0A19F15F5C74300D36363</string>
				<string>34F0A1AE15F5FC6300D36363</string>
			</array>
			<key>isa</key>
			<string>PBXSourcesBuildPhase</string>
			<key>runOnlyForDeploymentPostprocessing</key>
			<string>0</string>
		</dict>
		<key>34F64D4015F4ED3400A9F8CE</key>
		<dict>
			<key>buildActionMask</key>
			<string>2147483647</string>
			<key>files</key>
			<array>
				<string>34F0A17B15F4F3B000D36363</string>
				<string>34F0A17915F4F39500D36363</string>
				<string>34F64D4815F4ED3400A9F8CE</string>
				<string>34F64D4A15F4ED3400A9F8CE</string>
				<string>34F64D4C15F4ED3400A9F8CE</string>
				<string>F9CCB1F93FC540FD95A273E6</string>
			</array>
			<key>isa</key>
			<string>PBXFrameworksBuildPhase</string>
			<key>runOnlyForDeploymentPostprocessing</key>
			<string>0</string>
		</dict>
		<key>34F64D4115F4ED3400A9F8CE</key>
		<dict>
			<key>buildActionMask</key>
			<string>2147483647</string>
			<key>files</key>
			<array>
				<string>34F64D5215F4ED3400A9F8CE</string>
				<string>34F64D5B15F4ED3400A9F8CE</string>
				<string>34F0A1B715F600D800D36363</string>
			</array>
			<key>isa</key>
			<string>PBXResourcesBuildPhase</string>
			<key>runOnlyForDeploymentPostprocessing</key>
			<string>0</string>
		</dict>
		<key>34F64D4215F4ED3400A9F8CE</key>
		<dict>
			<key>buildConfigurationList</key>
			<string>34F64D6115F4ED3400A9F8CE</string>
			<key>buildPhases</key>
			<array>
				<string>34F64D3F15F4ED3400A9F8CE</string>
				<string>34F64D4015F4ED3400A9F8CE</string>
				<string>34F64D4115F4ED3400A9F8CE</string>
				<string>7DAB79ADB33F448E931ACD73</string>
			</array>
			<key>buildRules</key>
			<array/>
			<key>dependencies</key>
			<array/>
			<key>isa</key>
			<string>PBXNativeTarget</string>
			<key>name</key>
			<string>engzo</string>
			<key>productName</key>
			<string>engzo</string>
			<key>productReference</key>
			<string>34F64D4315F4ED3400A9F8CE</string>
			<key>productType</key>
			<string>com.apple.product-type.application</string>
		</dict>
		<key>34F64D4315F4ED3400A9F8CE</key>
		<dict>
			<key>explicitFileType</key>
			<string>wrapper.application</string>
			<key>includeInIndex</key>
			<string>0</string>
			<key>isa</key>
			<string>PBXFileReference</string>
			<key>name</key>
			<string>engzo.app</string>
			<key>path</key>
			<string>engzo.app</string>
			<key>sourceTree</key>
			<string>BUILT_PRODUCTS_DIR</string>
		</dict>
		<key>34F64D4415F4ED3400A9F8CE</key>
		<dict>
			<key>children</key>
			<array>
				<string>34F64D4315F4ED3400A9F8CE</string>
			</array>
			<key>isa</key>
			<string>PBXGroup</string>
			<key>name</key>
			<string>Products</string>
			<key>sourceTree</key>
			<string>&lt;group&gt;</string>
		</dict>
		<key>34F64D4615F4ED3400A9F8CE</key>
		<dict>
			<key>children</key>
			<array>
				<string>34F0A17A15F4F3B000D36363</string>
				<string>34F0A17815F4F39500D36363</string>
				<string>34F64D4715F4ED3400A9F8CE</string>
				<string>34F64D4915F4ED3400A9F8CE</string>
				<string>34F64D4B15F4ED3400A9F8CE</string>
				<string>2C6AF3FDA3FE428BA2087DD0</string>
			</array>
			<key>isa</key>
			<string>PBXGroup</string>
			<key>name</key>
			<string>Frameworks</string>
			<key>sourceTree</key>
			<string>&lt;group&gt;</string>
		</dict>
		<key>34F64D4715F4ED3400A9F8CE</key>
		<dict>
			<key>includeInIndex</key>
			<string>1</string>
			<key>isa</key>
			<string>PBXFileReference</string>
			<key>lastKnownFileType</key>
			<string>wrapper.framework</string>
			<key>name</key>
			<string>UIKit.framework</string>
			<key>path</key>
			<string>System/Library/Frameworks/UIKit.framework</string>
			<key>sourceTree</key>
			<string>SDKROOT</string>
		</dict>
		<key>34F64D4815F4ED3400A9F8CE</key>
		<dict>
			<key>fileRef</key>
			<string>34F64D4715F4ED3400A9F8CE</string>
			<key>isa</key>
			<string>PBXBuildFile</string>
		</dict>
		<key>34F64D4915F4ED3400A9F8CE</key>
		<dict>
			<key>includeInIndex</key>
			<string>1</string>
			<key>isa</key>
			<string>PBXFileReference</string>
			<key>lastKnownFileType</key>
			<string>wrapper.framework</string>
			<key>name</key>
			<string>Foundation.framework</string>
			<key>path</key>
			<string>System/Library/Frameworks/Foundation.framework</string>
			<key>sourceTree</key>
			<string>SDKROOT</string>
		</dict>
		<key>34F64D4A15F4ED3400A9F8CE</key>
		<dict>
			<key>fileRef</key>
			<string>34F64D4915F4ED3400A9F8CE</string>
			<key>isa</key>
			<string>PBXBuildFile</string>
		</dict>
		<key>34F64D4B15F4ED3400A9F8CE</key>
		<dict>
			<key>includeInIndex</key>
			<string>1</string>
			<key>isa</key>
			<string>PBXFileReference</string>
			<key>lastKnownFileType</key>
			<string>wrapper.framework</string>
			<key>name</key>
			<string>CoreGraphics.framework</string>
			<key>path</key>
			<string>System/Library/Frameworks/CoreGraphics.framework</string>
			<key>sourceTree</key>
			<string>SDKROOT</string>
		</dict>
		<key>34F64D4C15F4ED3400A9F8CE</key>
		<dict>
			<key>fileRef</key>
			<string>34F64D4B15F4ED3400A9F8CE</string>
			<key>isa</key>
			<string>PBXBuildFile</string>
		</dict>
		<key>34F64D4D15F4ED3400A9F8CE</key>
		<dict>
			<key>children</key>
			<array>
				<string>34F64D5615F4ED3400A9F8CE</string>
				<string>34F64D5715F4ED3400A9F8CE</string>
				<string>34F64D5915F4ED3400A9F8CE</string>
				<string>34F64D4E15F4ED3400A9F8CE</string>
				<string>34F0A17515F4F24A00D36363</string>
				<string>34F0A17615F4F24A00D36363</string>
				<string>34F0A18F15F5B0F100D36363</string>
				<string>34F0A19015F5B0F100D36363</string>
				<string>34F0A19D15F5C74300D36363</string>
				<string>34F0A19E15F5C74300D36363</string>
				<string>34F0A1AC15F5FC6300D36363</string>
				<string>34F0A1AD15F5FC6300D36363</string>
			</array>
			<key>isa</key>
			<string>PBXGroup</string>
			<key>path</key>
			<string>engzo</string>
			<key>sourceTree</key>
			<string>&lt;group&gt;</string>
		</dict>
		<key>34F64D4E15F4ED3400A9F8CE</key>
		<dict>
			<key>children</key>
			<array>
				<string>34F64D4F15F4ED3400A9F8CE</string>
				<string>34F64D5015F4ED3400A9F8CE</string>
				<string>34F64D5315F4ED3400A9F8CE</string>
				<string>34F64D5515F4ED3400A9F8CE</string>
			</array>
			<key>isa</key>
			<string>PBXGroup</string>
			<key>name</key>
			<string>Supporting Files</string>
			<key>sourceTree</key>
			<string>&lt;group&gt;</string>
		</dict>
		<key>34F64D4F15F4ED3400A9F8CE</key>
		<dict>
			<key>isa</key>
			<string>PBXFileReference</string>
			<key>lastKnownFileType</key>
			<string>text.plist.xml</string>
			<key>path</key>
			<string>engzo-Info.plist</string>
			<key>sourceTree</key>
			<string>&lt;group&gt;</string>
		</dict>
		<key>34F64D5015F4ED3400A9F8CE</key>
		<dict>
			<key>children</key>
			<array>
				<string>34F64D5115F4ED3400A9F8CE</string>
			</array>
			<key>isa</key>
			<string>PBXVariantGroup</string>
			<key>name</key>
			<string>InfoPlist.strings</string>
			<key>sourceTree</key>
			<string>&lt;group&gt;</string>
		</dict>
		<key>34F64D5115F4ED3400A9F8CE</key>
		<dict>
			<key>isa</key>
			<string>PBXFileReference</string>
			<key>lastKnownFileType</key>
			<string>text.plist.strings</string>
			<key>name</key>
			<string>en</string>
			<key>path</key>
			<string>en.lproj/InfoPlist.strings</string>
			<key>sourceTree</key>
			<string>&lt;group&gt;</string>
		</dict>
		<key>34F64D5215F4ED3400A9F8CE</key>
		<dict>
			<key>fileRef</key>
			<string>34F64D5015F4ED3400A9F8CE</string>
			<key>isa</key>
			<string>PBXBuildFile</string>
		</dict>
		<key>34F64D5315F4ED3400A9F8CE</key>
		<dict>
			<key>isa</key>
			<string>PBXFileReference</string>
			<key>lastKnownFileType</key>
			<string>sourcecode.c.objc</string>
			<key>path</key>
			<string>main.m</string>
			<key>sourceTree</key>
			<string>&lt;group&gt;</string>
		</dict>
		<key>34F64D5415F4ED3400A9F8CE</key>
		<dict>
			<key>fileRef</key>
			<string>34F64D5315F4ED3400A9F8CE</string>
			<key>isa</key>
			<string>PBXBuildFile</string>
		</dict>
		<key>34F64D5515F4ED3400A9F8CE</key>
		<dict>
			<key>isa</key>
			<string>PBXFileReference</string>
			<key>lastKnownFileType</key>
			<string>sourcecode.c.h</string>
			<key>path</key>
			<string>engzo-Prefix.pch</string>
			<key>sourceTree</key>
			<string>&lt;group&gt;</string>
		</dict>
		<key>34F64D5615F4ED3400A9F8CE</key>
		<dict>
			<key>isa</key>
			<string>PBXFileReference</string>
			<key>lastKnownFileType</key>
			<string>sourcecode.c.h</string>
			<key>path</key>
			<string>AppDelegate.h</string>
			<key>sourceTree</key>
			<string>&lt;group&gt;</string>
		</dict>
		<key>34F64D5715F4ED3400A9F8CE</key>
		<dict>
			<key>isa</key>
			<string>PBXFileReference</string>
			<key>lastKnownFileType</key>
			<string>sourcecode.c.objc</string>
			<key>path</key>
			<string>AppDelegate.m</string>
			<key>sourceTree</key>
			<string>&lt;group&gt;</string>
		</dict>
		<key>34F64D5815F4ED3400A9F8CE</key>
		<dict>
			<key>fileRef</key>
			<string>34F64D5715F4ED3400A9F8CE</string>
			<key>isa</key>
			<string>PBXBuildFile</string>
		</dict>
		<key>34F64D5915F4ED3400A9F8CE</key>
		<dict>
			<key>children</key>
			<array>
				<string>34F64D5A15F4ED3400A9F8CE</string>
			</array>
			<key>isa</key>
			<string>PBXVariantGroup</string>
			<key>name</key>
			<string>MainStoryboard.storyboard</string>
			<key>sourceTree</key>
			<string>&lt;group&gt;</string>
		</dict>
		<key>34F64D5A15F4ED3400A9F8CE</key>
		<dict>
			<key>isa</key>
			<string>PBXFileReference</string>
			<key>lastKnownFileType</key>
			<string>file.storyboard</string>
			<key>name</key>
			<string>en</string>
			<key>path</key>
			<string>en.lproj/MainStoryboard.storyboard</string>
			<key>sourceTree</key>
			<string>&lt;group&gt;</string>
		</dict>
		<key>34F64D5B15F4ED3400A9F8CE</key>
		<dict>
			<key>fileRef</key>
			<string>34F64D5915F4ED3400A9F8CE</string>
			<key>isa</key>
			<string>PBXBuildFile</string>
		</dict>
		<key>34F64D5F15F4ED3400A9F8CE</key>
		<dict>
			<key>buildSettings</key>
			<dict>
				<key>ALWAYS_SEARCH_USER_PATHS</key>
				<string>NO</string>
				<key>ARCHS</key>
				<string>$(ARCHS_STANDARD_32_BIT)</string>
				<key>CLANG_CXX_LANGUAGE_STANDARD</key>
				<string>gnu++0x</string>
				<key>CLANG_ENABLE_OBJC_ARC</key>
				<string>YES</string>
				<key>CLANG_WARN__DUPLICATE_METHOD_MATCH</key>
				<string>YES</string>
				<key>CODE_SIGN_IDENTITY[sdk=iphoneos*]</key>
				<string>iPhone Developer</string>
				<key>COPY_PHASE_STRIP</key>
				<string>NO</string>
				<key>GCC_C_LANGUAGE_STANDARD</key>
				<string>gnu99</string>
				<key>GCC_DYNAMIC_NO_PIC</key>
				<string>NO</string>
				<key>GCC_OPTIMIZATION_LEVEL</key>
				<string>0</string>
				<key>GCC_PREPROCESSOR_DEFINITIONS</key>
				<array>
					<string>DEBUG=1</string>
					<string>$(inherited)</string>
				</array>
				<key>GCC_SYMBOLS_PRIVATE_EXTERN</key>
				<string>NO</string>
				<key>GCC_VERSION</key>
				<string>com.apple.compilers.llvm.clang.1_0</string>
				<key>GCC_WARN_ABOUT_RETURN_TYPE</key>
				<string>YES</string>
				<key>GCC_WARN_UNINITIALIZED_AUTOS</key>
				<string>YES</string>
				<key>GCC_WARN_UNUSED_VARIABLE</key>
				<string>YES</string>
				<key>IPHONEOS_DEPLOYMENT_TARGET</key>
				<string>5.1</string>
				<key>SDKROOT</key>
				<string>iphoneos</string>
			</dict>
			<key>isa</key>
			<string>XCBuildConfiguration</string>
			<key>name</key>
			<string>Debug</string>
		</dict>
		<key>34F64D6015F4ED3400A9F8CE</key>
		<dict>
			<key>buildSettings</key>
			<dict>
				<key>ALWAYS_SEARCH_USER_PATHS</key>
				<string>NO</string>
				<key>ARCHS</key>
				<string>$(ARCHS_STANDARD_32_BIT)</string>
				<key>CLANG_CXX_LANGUAGE_STANDARD</key>
				<string>gnu++0x</string>
				<key>CLANG_ENABLE_OBJC_ARC</key>
				<string>YES</string>
				<key>CLANG_WARN__DUPLICATE_METHOD_MATCH</key>
				<string>YES</string>
				<key>CODE_SIGN_IDENTITY[sdk=iphoneos*]</key>
				<string>iPhone Developer</string>
				<key>COPY_PHASE_STRIP</key>
				<string>YES</string>
				<key>GCC_C_LANGUAGE_STANDARD</key>
				<string>gnu99</string>
				<key>GCC_VERSION</key>
				<string>com.apple.compilers.llvm.clang.1_0</string>
				<key>GCC_WARN_ABOUT_RETURN_TYPE</key>
				<string>YES</string>
				<key>GCC_WARN_UNINITIALIZED_AUTOS</key>
				<string>YES</string>
				<key>GCC_WARN_UNUSED_VARIABLE</key>
				<string>YES</string>
				<key>IPHONEOS_DEPLOYMENT_TARGET</key>
				<string>5.1</string>
				<key>OTHER_CFLAGS</key>
				<string>-DNS_BLOCK_ASSERTIONS=1</string>
				<key>SDKROOT</key>
				<string>iphoneos</string>
				<key>VALIDATE_PRODUCT</key>
				<string>YES</string>
			</dict>
			<key>isa</key>
			<string>XCBuildConfiguration</string>
			<key>name</key>
			<string>Release</string>
		</dict>
		<key>34F64D6115F4ED3400A9F8CE</key>
		<dict>
			<key>buildConfigurations</key>
			<array>
				<string>34F64D6215F4ED3400A9F8CE</string>
				<string>34F64D6315F4ED3400A9F8CE</string>
			</array>
			<key>defaultConfigurationIsVisible</key>
			<string>0</string>
			<key>defaultConfigurationName</key>
			<string>Release</string>
			<key>isa</key>
			<string>XCConfigurationList</string>
		</dict>
		<key>34F64D6215F4ED3400A9F8CE</key>
		<dict>
			<key>baseConfigurationReference</key>
			<string>47E4B355EDD242B8AF382E24</string>
			<key>buildSettings</key>
			<dict>
				<key>GCC_PRECOMPILE_PREFIX_HEADER</key>
				<string>YES</string>
				<key>GCC_PREFIX_HEADER</key>
				<string>engzo/engzo-Prefix.pch</string>
				<key>INFOPLIST_FILE</key>
				<string>engzo/engzo-Info.plist</string>
				<key>IPHONEOS_DEPLOYMENT_TARGET</key>
				<string>5.0</string>
				<key>PRODUCT_NAME</key>
				<string>$(TARGET_NAME)</string>
				<key>WRAPPER_EXTENSION</key>
				<string>app</string>
			</dict>
			<key>isa</key>
			<string>XCBuildConfiguration</string>
			<key>name</key>
			<string>Debug</string>
		</dict>
		<key>34F64D6315F4ED3400A9F8CE</key>
		<dict>
			<key>baseConfigurationReference</key>
			<string>47E4B355EDD242B8AF382E24</string>
			<key>buildSettings</key>
			<dict>
				<key>GCC_PRECOMPILE_PREFIX_HEADER</key>
				<string>YES</string>
				<key>GCC_PREFIX_HEADER</key>
				<string>engzo/engzo-Prefix.pch</string>
				<key>INFOPLIST_FILE</key>
				<string>engzo/engzo-Info.plist</string>
				<key>IPHONEOS_DEPLOYMENT_TARGET</key>
				<string>5.0</string>
				<key>PRODUCT_NAME</key>
				<string>$(TARGET_NAME)</string>
				<key>WRAPPER_EXTENSION</key>
				<string>app</string>
			</dict>
			<key>isa</key>
			<string>XCBuildConfiguration</string>
			<key>name</key>
			<string>Release</string>
		</dict>
		<key>47E4B355EDD242B8AF382E24</key>
		<dict>
			<key>includeInIndex</key>
			<string>1</string>
			<key>isa</key>
			<string>PBXFileReference</string>
			<key>lastKnownFileType</key>
			<string>text.xcconfig</string>
			<key>name</key>
			<string>Pods.xcconfig</string>
			<key>path</key>
			<string>Pods/Pods.xcconfig</string>
			<key>sourceTree</key>
			<string>SOURCE_ROOT</string>
		</dict>
		<key>7DAB79ADB33F448E931ACD73</key>
		<dict>
			<key>buildActionMask</key>
			<string>2147483647</string>
			<key>files</key>
			<array/>
			<key>inputPaths</key>
			<array/>
			<key>isa</key>
			<string>PBXShellScriptBuildPhase</string>
			<key>name</key>
			<string>Copy Pods Resources</string>
			<key>outputPaths</key>
			<array/>
			<key>runOnlyForDeploymentPostprocessing</key>
			<string>0</string>
			<key>shellPath</key>
			<string>/bin/sh</string>
			<key>shellScript</key>
			<string>"${SRCROOT}/Pods/Pods-resources.sh"
</string>
		</dict>
		<key>F9CCB1F93FC540FD95A273E6</key>
		<dict>
			<key>fileRef</key>
			<string>2C6AF3FDA3FE428BA2087DD0</string>
			<key>isa</key>
			<string>PBXBuildFile</string>
		</dict>
	</dict>
	<key>rootObject</key>
	<string>34F64D3A15F4ED3400A9F8CE</string>
</dict>
</plist>
